// !$*UTF8*$!
{
	archiveVersion = 1;
	classes = {
	};
	objectVersion = 50;
	objects = {

/* Begin PBXBuildFile section */
		CE2FAB2E250F7F2200617621 /* AppDelegate.swift in Sources */ = {isa = PBXBuildFile; fileRef = CE2FAB2D250F7F2200617621 /* AppDelegate.swift */; };
		CE2FAB30250F7F2200617621 /* SceneDelegate.swift in Sources */ = {isa = PBXBuildFile; fileRef = CE2FAB2F250F7F2200617621 /* SceneDelegate.swift */; };
		CE2FAB32250F7F2200617621 /* ViewController.swift in Sources */ = {isa = PBXBuildFile; fileRef = CE2FAB31250F7F2200617621 /* ViewController.swift */; };
		CE2FAB35250F7F2200617621 /* Main.storyboard in Resources */ = {isa = PBXBuildFile; fileRef = CE2FAB33250F7F2200617621 /* Main.storyboard */; };
		CE2FAB37250F7F2600617621 /* Assets.xcassets in Resources */ = {isa = PBXBuildFile; fileRef = CE2FAB36250F7F2600617621 /* Assets.xcassets */; };
		CE2FAB3A250F7F2600617621 /* LaunchScreen.storyboard in Resources */ = {isa = PBXBuildFile; fileRef = CE2FAB38250F7F2600617621 /* LaunchScreen.storyboard */; };
		CE2FAB45250F7F2700617621 /* SocialMediaTaskTests.swift in Sources */ = {isa = PBXBuildFile; fileRef = CE2FAB44250F7F2700617621 /* SocialMediaTaskTests.swift */; };
/* End PBXBuildFile section */

/* Begin PBXContainerItemProxy section */
		CE2FAB41250F7F2700617621 /* PBXContainerItemProxy */ = {
			isa = PBXContainerItemProxy;
			containerPortal = CE2FAB22250F7F2200617621 /* Project object */;
			proxyType = 1;
			remoteGlobalIDString = CE2FAB29250F7F2200617621;
			remoteInfo = SocialMediaTask;
		};
/* End PBXContainerItemProxy section */

/* Begin PBXFileReference section */
		CE2FAB2A250F7F2200617621 /* SocialMediaTask.app */ = {isa = PBXFileReference; explicitFileType = wrapper.application; includeInIndex = 0; path = SocialMediaTask.app; sourceTree = BUILT_PRODUCTS_DIR; };
		CE2FAB2D250F7F2200617621 /* AppDelegate.swift */ = {isa = PBXFileReference; lastKnownFileType = sourcecode.swift; path = AppDelegate.swift; sourceTree = "<group>"; };
		CE2FAB2F250F7F2200617621 /* SceneDelegate.swift */ = {isa = PBXFileReference; lastKnownFileType = sourcecode.swift; path = SceneDelegate.swift; sourceTree = "<group>"; };
		CE2FAB31250F7F2200617621 /* ViewController.swift */ = {isa = PBXFileReference; lastKnownFileType = sourcecode.swift; path = ViewController.swift; sourceTree = "<group>"; };
		CE2FAB34250F7F2200617621 /* Base */ = {isa = PBXFileReference; lastKnownFileType = file.storyboard; name = Base; path = Base.lproj/Main.storyboard; sourceTree = "<group>"; };
		CE2FAB36250F7F2600617621 /* Assets.xcassets */ = {isa = PBXFileReference; lastKnownFileType = folder.assetcatalog; path = Assets.xcassets; sourceTree = "<group>"; };
		CE2FAB39250F7F2600617621 /* Base */ = {isa = PBXFileReference; lastKnownFileType = file.storyboard; name = Base; path = Base.lproj/LaunchScreen.storyboard; sourceTree = "<group>"; };
		CE2FAB3B250F7F2600617621 /* Info.plist */ = {isa = PBXFileReference; lastKnownFileType = text.plist.xml; path = Info.plist; sourceTree = "<group>"; };
		CE2FAB40250F7F2700617621 /* SocialMediaTaskTests.xctest */ = {isa = PBXFileReference; explicitFileType = wrapper.cfbundle; includeInIndex = 0; path = SocialMediaTaskTests.xctest; sourceTree = BUILT_PRODUCTS_DIR; };
		CE2FAB44250F7F2700617621 /* SocialMediaTaskTests.swift */ = {isa = PBXFileReference; lastKnownFileType = sourcecode.swift; path = SocialMediaTaskTests.swift; sourceTree = "<group>"; };
		CE2FAB46250F7F2700617621 /* Info.plist */ = {isa = PBXFileReference; lastKnownFileType = text.plist.xml; path = Info.plist; sourceTree = "<group>"; };
/* End PBXFileReference section */

/* Begin PBXFrameworksBuildPhase section */
		CE2FAB27250F7F2200617621 /* Frameworks */ = {
			isa = PBXFrameworksBuildPhase;
			buildActionMask = 2147483647;
			files = (
			);
			runOnlyForDeploymentPostprocessing = 0;
		};
		CE2FAB3D250F7F2700617621 /* Frameworks */ = {
			isa = PBXFrameworksBuildPhase;
			buildActionMask = 2147483647;
			files = (
			);
			runOnlyForDeploymentPostprocessing = 0;
		};
/* End PBXFrameworksBuildPhase section */

/* Begin PBXGroup section */
		CE2FAB21250F7F2200617621 = {
			isa = PBXGroup;
			children = (
				CE2FAB2C250F7F2200617621 /* SocialMediaTask */,
				CE2FAB43250F7F2700617621 /* SocialMediaTaskTests */,
				CE2FAB2B250F7F2200617621 /* Products */,
			);
			sourceTree = "<group>";
		};
		CE2FAB2B250F7F2200617621 /* Products */ = {
			isa = PBXGroup;
			children = (
				CE2FAB2A250F7F2200617621 /* SocialMediaTask.app */,
				CE2FAB40250F7F2700617621 /* SocialMediaTaskTests.xctest */,
			);
			name = Products;
			sourceTree = "<group>";
		};
		CE2FAB2C250F7F2200617621 /* SocialMediaTask */ = {
			isa = PBXGroup;
			children = (
				CE2FAB2D250F7F2200617621 /* AppDelegate.swift */,
				CE2FAB2F250F7F2200617621 /* SceneDelegate.swift */,
				CE2FAB31250F7F2200617621 /* ViewController.swift */,
				CE2FAB33250F7F2200617621 /* Main.storyboard */,
				CE2FAB36250F7F2600617621 /* Assets.xcassets */,
				CE2FAB38250F7F2600617621 /* LaunchScreen.storyboard */,
				CE2FAB3B250F7F2600617621 /* Info.plist */,
			);
			path = SocialMediaTask;
			sourceTree = "<group>";
		};
		CE2FAB43250F7F2700617621 /* SocialMediaTaskTests */ = {
			isa = PBXGroup;
			children = (
				CE2FAB44250F7F2700617621 /* SocialMediaTaskTests.swift */,
				CE2FAB46250F7F2700617621 /* Info.plist */,
			);
			path = SocialMediaTaskTests;
			sourceTree = "<group>";
		};
/* End PBXGroup section */

/* Begin PBXNativeTarget section */
		CE2FAB29250F7F2200617621 /* SocialMediaTask */ = {
			isa = PBXNativeTarget;
			buildConfigurationList = CE2FAB49250F7F2700617621 /* Build configuration list for PBXNativeTarget "SocialMediaTask" */;
			buildPhases = (
				CE2FAB26250F7F2200617621 /* Sources */,
				CE2FAB27250F7F2200617621 /* Frameworks */,
				CE2FAB28250F7F2200617621 /* Resources */,
			);
			buildRules = (
			);
			dependencies = (
			);
			name = SocialMediaTask;
			productName = SocialMediaTask;
			productReference = CE2FAB2A250F7F2200617621 /* SocialMediaTask.app */;
			productType = "com.apple.product-type.application";
		};
		CE2FAB3F250F7F2700617621 /* SocialMediaTaskTests */ = {
			isa = PBXNativeTarget;
			buildConfigurationList = CE2FAB4C250F7F2700617621 /* Build configuration list for PBXNativeTarget "SocialMediaTaskTests" */;
			buildPhases = (
				CE2FAB3C250F7F2700617621 /* Sources */,
				CE2FAB3D250F7F2700617621 /* Frameworks */,
				CE2FAB3E250F7F2700617621 /* Resources */,
			);
			buildRules = (
			);
			dependencies = (
				CE2FAB42250F7F2700617621 /* PBXTargetDependency */,
			);
			name = SocialMediaTaskTests;
			productName = SocialMediaTaskTests;
			productReference = CE2FAB40250F7F2700617621 /* SocialMediaTaskTests.xctest */;
			productType = "com.apple.product-type.bundle.unit-test";
		};
/* End PBXNativeTarget section */

/* Begin PBXProject section */
		CE2FAB22250F7F2200617621 /* Project object */ = {
			isa = PBXProject;
			attributes = {
				LastSwiftUpdateCheck = 1160;
				LastUpgradeCheck = 1160;
				ORGANIZATIONNAME = "Essam Mohamed Fahmi";
				TargetAttributes = {
					CE2FAB29250F7F2200617621 = {
						CreatedOnToolsVersion = 11.6;
					};
					CE2FAB3F250F7F2700617621 = {
						CreatedOnToolsVersion = 11.6;
						TestTargetID = CE2FAB29250F7F2200617621;
					};
				};
			};
			buildConfigurationList = CE2FAB25250F7F2200617621 /* Build configuration list for PBXProject "SocialMediaTask" */;
			compatibilityVersion = "Xcode 9.3";
			developmentRegion = en;
			hasScannedForEncodings = 0;
			knownRegions = (
				en,
				Base,
			);
			mainGroup = CE2FAB21250F7F2200617621;
			productRefGroup = CE2FAB2B250F7F2200617621 /* Products */;
			projectDirPath = "";
			projectRoot = "";
			targets = (
				CE2FAB29250F7F2200617621 /* SocialMediaTask */,
				CE2FAB3F250F7F2700617621 /* SocialMediaTaskTests */,
			);
		};
/* End PBXProject section */

/* Begin PBXResourcesBuildPhase section */
		CE2FAB28250F7F2200617621 /* Resources */ = {
			isa = PBXResourcesBuildPhase;
			buildActionMask = 2147483647;
			files = (
				CE2FAB3A250F7F2600617621 /* LaunchScreen.storyboard in Resources */,
				CE2FAB37250F7F2600617621 /* Assets.xcassets in Resources */,
				CE2FAB35250F7F2200617621 /* Main.storyboard in Resources */,
			);
			runOnlyForDeploymentPostprocessing = 0;
		};
		CE2FAB3E250F7F2700617621 /* Resources */ = {
			isa = PBXResourcesBuildPhase;
			buildActionMask = 2147483647;
			files = (
			);
			runOnlyForDeploymentPostprocessing = 0;
		};
/* End PBXResourcesBuildPhase section */

/* Begin PBXSourcesBuildPhase section */
		CE2FAB26250F7F2200617621 /* Sources */ = {
			isa = PBXSourcesBuildPhase;
			buildActionMask = 2147483647;
			files = (
				CE2FAB32250F7F2200617621 /* ViewController.swift in Sources */,
				CE2FAB2E250F7F2200617621 /* AppDelegate.swift in Sources */,
				CE2FAB30250F7F2200617621 /* SceneDelegate.swift in Sources */,
			);
			runOnlyForDeploymentPostprocessing = 0;
		};
		CE2FAB3C250F7F2700617621 /* Sources */ = {
			isa = PBXSourcesBuildPhase;
			buildActionMask = 2147483647;
			files = (
				CE2FAB45250F7F2700617621 /* SocialMediaTaskTests.swift in Sources */,
			);
			runOnlyForDeploymentPostprocessing = 0;
		};
/* End PBXSourcesBuildPhase section */

/* Begin PBXTargetDependency section */
		CE2FAB42250F7F2700617621 /* PBXTargetDependency */ = {
			isa = PBXTargetDependency;
			target = CE2FAB29250F7F2200617621 /* SocialMediaTask */;
			targetProxy = CE2FAB41250F7F2700617621 /* PBXContainerItemProxy */;
		};
/* End PBXTargetDependency section */

/* Begin PBXVariantGroup section */
		CE2FAB33250F7F2200617621 /* Main.storyboard */ = {
			isa = PBXVariantGroup;
			children = (
				CE2FAB34250F7F2200617621 /* Base */,
			);
			name = Main.storyboard;
			sourceTree = "<group>";
		};
		CE2FAB38250F7F2600617621 /* LaunchScreen.storyboard */ = {
			isa = PBXVariantGroup;
			children = (
				CE2FAB39250F7F2600617621 /* Base */,
			);
			name = LaunchScreen.storyboard;
			sourceTree = "<group>";
		};
/* End PBXVariantGroup section */

/* Begin XCBuildConfiguration section */
		CE2FAB47250F7F2700617621 /* Debug */ = {
			isa = XCBuildConfiguration;
			buildSettings = {
				ALWAYS_SEARCH_USER_PATHS = NO;
				CLANG_ANALYZER_NONNULL = YES;
				CLANG_ANALYZER_NUMBER_OBJECT_CONVERSION = YES_AGGRESSIVE;
				CLANG_CXX_LANGUAGE_STANDARD = "gnu++14";
				CLANG_CXX_LIBRARY = "libc++";
				CLANG_ENABLE_MODULES = YES;
				CLANG_ENABLE_OBJC_ARC = YES;
				CLANG_ENABLE_OBJC_WEAK = YES;
				CLANG_WARN_BLOCK_CAPTURE_AUTORELEASING = YES;
				CLANG_WARN_BOOL_CONVERSION = YES;
				CLANG_WARN_COMMA = YES;
				CLANG_WARN_CONSTANT_CONVERSION = YES;
				CLANG_WARN_DEPRECATED_OBJC_IMPLEMENTATIONS = YES;
				CLANG_WARN_DIRECT_OBJC_ISA_USAGE = YES_ERROR;
				CLANG_WARN_DOCUMENTATION_COMMENTS = YES;
				CLANG_WARN_EMPTY_BODY = YES;
				CLANG_WARN_ENUM_CONVERSION = YES;
				CLANG_WARN_INFINITE_RECURSION = YES;
				CLANG_WARN_INT_CONVERSION = YES;
				CLANG_WARN_NON_LITERAL_NULL_CONVERSION = YES;
				CLANG_WARN_OBJC_IMPLICIT_RETAIN_SELF = YES;
				CLANG_WARN_OBJC_LITERAL_CONVERSION = YES;
				CLANG_WARN_OBJC_ROOT_CLASS = YES_ERROR;
				CLANG_WARN_RANGE_LOOP_ANALYSIS = YES;
				CLANG_WARN_STRICT_PROTOTYPES = YES;
				CLANG_WARN_SUSPICIOUS_MOVE = YES;
				CLANG_WARN_UNGUARDED_AVAILABILITY = YES_AGGRESSIVE;
				CLANG_WARN_UNREACHABLE_CODE = YES;
				CLANG_WARN__DUPLICATE_METHOD_MATCH = YES;
				COPY_PHASE_STRIP = NO;
				DEBUG_INFORMATION_FORMAT = dwarf;
				ENABLE_STRICT_OBJC_MSGSEND = YES;
				ENABLE_TESTABILITY = YES;
				GCC_C_LANGUAGE_STANDARD = gnu11;
				GCC_DYNAMIC_NO_PIC = NO;
				GCC_NO_COMMON_BLOCKS = YES;
				GCC_OPTIMIZATION_LEVEL = 0;
				GCC_PREPROCESSOR_DEFINITIONS = (
					"DEBUG=1",
					"$(inherited)",
				);
				GCC_WARN_64_TO_32_BIT_CONVERSION = YES;
				GCC_WARN_ABOUT_RETURN_TYPE = YES_ERROR;
				GCC_WARN_UNDECLARED_SELECTOR = YES;
				GCC_WARN_UNINITIALIZED_AUTOS = YES_AGGRESSIVE;
				GCC_WARN_UNUSED_FUNCTION = YES;
				GCC_WARN_UNUSED_VARIABLE = YES;
				IPHONEOS_DEPLOYMENT_TARGET = 13.6;
				MTL_ENABLE_DEBUG_INFO = INCLUDE_SOURCE;
				MTL_FAST_MATH = YES;
				ONLY_ACTIVE_ARCH = YES;
				SDKROOT = iphoneos;
				SWIFT_ACTIVE_COMPILATION_CONDITIONS = DEBUG;
				SWIFT_OPTIMIZATION_LEVEL = "-Onone";
			};
			name = Debug;
		};
		CE2FAB48250F7F2700617621 /* Release */ = {
			isa = XCBuildConfiguration;
			buildSettings = {
				ALWAYS_SEARCH_USER_PATHS = NO;
				CLANG_ANALYZER_NONNULL = YES;
				CLANG_ANALYZER_NUMBER_OBJECT_CONVERSION = YES_AGGRESSIVE;
				CLANG_CXX_LANGUAGE_STANDARD = "gnu++14";
				CLANG_CXX_LIBRARY = "libc++";
				CLANG_ENABLE_MODULES = YES;
				CLANG_ENABLE_OBJC_ARC = YES;
				CLANG_ENABLE_OBJC_WEAK = YES;
				CLANG_WARN_BLOCK_CAPTURE_AUTORELEASING = YES;
				CLANG_WARN_BOOL_CONVERSION = YES;
				CLANG_WARN_COMMA = YES;
				CLANG_WARN_CONSTANT_CONVERSION = YES;
				CLANG_WARN_DEPRECATED_OBJC_IMPLEMENTATIONS = YES;
				CLANG_WARN_DIRECT_OBJC_ISA_USAGE = YES_ERROR;
				CLANG_WARN_DOCUMENTATION_COMMENTS = YES;
				CLANG_WARN_EMPTY_BODY = YES;
				CLANG_WARN_ENUM_CONVERSION = YES;
				CLANG_WARN_INFINITE_RECURSION = YES;
				CLANG_WARN_INT_CONVERSION = YES;
				CLANG_WARN_NON_LITERAL_NULL_CONVERSION = YES;
				CLANG_WARN_OBJC_IMPLICIT_RETAIN_SELF = YES;
				CLANG_WARN_OBJC_LITERAL_CONVERSION = YES;
				CLANG_WARN_OBJC_ROOT_CLASS = YES_ERROR;
				CLANG_WARN_RANGE_LOOP_ANALYSIS = YES;
				CLANG_WARN_STRICT_PROTOTYPES = YES;
				CLANG_WARN_SUSPICIOUS_MOVE = YES;
				CLANG_WARN_UNGUARDED_AVAILABILITY = YES_AGGRESSIVE;
				CLANG_WARN_UNREACHABLE_CODE = YES;
				CLANG_WARN__DUPLICATE_METHOD_MATCH = YES;
				COPY_PHASE_STRIP = NO;
				DEBUG_INFORMATION_FORMAT = "dwarf-with-dsym";
				ENABLE_NS_ASSERTIONS = NO;
				ENABLE_STRICT_OBJC_MSGSEND = YES;
				GCC_C_LANGUAGE_STANDARD = gnu11;
				GCC_NO_COMMON_BLOCKS = YES;
				GCC_WARN_64_TO_32_BIT_CONVERSION = YES;
				GCC_WARN_ABOUT_RETURN_TYPE = YES_ERROR;
				GCC_WARN_UNDECLARED_SELECTOR = YES;
				GCC_WARN_UNINITIALIZED_AUTOS = YES_AGGRESSIVE;
				GCC_WARN_UNUSED_FUNCTION = YES;
				GCC_WARN_UNUSED_VARIABLE = YES;
				IPHONEOS_DEPLOYMENT_TARGET = 13.6;
				MTL_ENABLE_DEBUG_INFO = NO;
				MTL_FAST_MATH = YES;
				SDKROOT = iphoneos;
				SWIFT_COMPILATION_MODE = wholemodule;
				SWIFT_OPTIMIZATION_LEVEL = "-O";
				VALIDATE_PRODUCT = YES;
			};
			name = Release;
		};
		CE2FAB4A250F7F2700617621 /* Debug */ = {
			isa = XCBuildConfiguration;
			buildSettings = {
				ASSETCATALOG_COMPILER_APPICON_NAME = AppIcon;
				CODE_SIGN_STYLE = Automatic;
				DEVELOPMENT_TEAM = UA3HP7LWZZ;
				INFOPLIST_FILE = SocialMediaTask/Info.plist;
				LD_RUNPATH_SEARCH_PATHS = (
					"$(inherited)",
					"@executable_path/Frameworks",
				);
				PRODUCT_BUNDLE_IDENTIFIER = com.faylasof.SocialMediaTask.SocialMediaTask;
				PRODUCT_NAME = "$(TARGET_NAME)";
				SWIFT_VERSION = 5.0;
				TARGETED_DEVICE_FAMILY = "1,2";
			};
			name = Debug;
		};
		CE2FAB4B250F7F2700617621 /* Release */ = {
			isa = XCBuildConfiguration;
			buildSettings = {
				ASSETCATALOG_COMPILER_APPICON_NAME = AppIcon;
				CODE_SIGN_STYLE = Automatic;
				DEVELOPMENT_TEAM = UA3HP7LWZZ;
				INFOPLIST_FILE = SocialMediaTask/Info.plist;
				LD_RUNPATH_SEARCH_PATHS = (
					"$(inherited)",
					"@executable_path/Frameworks",
				);
				PRODUCT_BUNDLE_IDENTIFIER = com.faylasof.SocialMediaTask.SocialMediaTask;
				PRODUCT_NAME = "$(TARGET_NAME)";
				SWIFT_VERSION = 5.0;
				TARGETED_DEVICE_FAMILY = "1,2";
			};
			name = Release;
		};
		CE2FAB4D250F7F2700617621 /* Debug */ = {
			isa = XCBuildConfiguration;
			buildSettings = {
				ALWAYS_EMBED_SWIFT_STANDARD_LIBRARIES = YES;
				BUNDLE_LOADER = "$(TEST_HOST)";
				CODE_SIGN_STYLE = Automatic;
				DEVELOPMENT_TEAM = UA3HP7LWZZ;
				INFOPLIST_FILE = SocialMediaTaskTests/Info.plist;
				IPHONEOS_DEPLOYMENT_TARGET = 13.6;
				LD_RUNPATH_SEARCH_PATHS = (
					"$(inherited)",
					"@executable_path/Frameworks",
					"@loader_path/Frameworks",
				);
				PRODUCT_BUNDLE_IDENTIFIER = com.faylasof.SocialMediaTask.SocialMediaTaskTests;
				PRODUCT_NAME = "$(TARGET_NAME)";
				SWIFT_VERSION = 5.0;
				TARGETED_DEVICE_FAMILY = "1,2";
				TEST_HOST = "$(BUILT_PRODUCTS_DIR)/SocialMediaTask.app/SocialMediaTask";
			};
			name = Debug;
		};
		CE2FAB4E250F7F2700617621 /* Release */ = {
			isa = XCBuildConfiguration;
			buildSettings = {
				ALWAYS_EMBED_SWIFT_STANDARD_LIBRARIES = YES;
				BUNDLE_LOADER = "$(TEST_HOST)";
				CODE_SIGN_STYLE = Automatic;
				DEVELOPMENT_TEAM = UA3HP7LWZZ;
				INFOPLIST_FILE = SocialMediaTaskTests/Info.plist;
				IPHONEOS_DEPLOYMENT_TARGET = 13.6;
				LD_RUNPATH_SEARCH_PATHS = (
					"$(inherited)",
					"@executable_path/Frameworks",
					"@loader_path/Frameworks",
				);
				PRODUCT_BUNDLE_IDENTIFIER = com.faylasof.SocialMediaTask.SocialMediaTaskTests;
				PRODUCT_NAME = "$(TARGET_NAME)";
				SWIFT_VERSION = 5.0;
				TARGETED_DEVICE_FAMILY = "1,2";
				TEST_HOST = "$(BUILT_PRODUCTS_DIR)/SocialMediaTask.app/SocialMediaTask";
			};
			name = Release;
		};
/* End XCBuildConfiguration section */

/* Begin XCConfigurationList section */
		CE2FAB25250F7F2200617621 /* Build configuration list for PBXProject "SocialMediaTask" */ = {
			isa = XCConfigurationList;
			buildConfigurations = (
				CE2FAB47250F7F2700617621 /* Debug */,
				CE2FAB48250F7F2700617621 /* Release */,
			);
			defaultConfigurationIsVisible = 0;
			defaultConfigurationName = Release;
		};
		CE2FAB49250F7F2700617621 /* Build configuration list for PBXNativeTarget "SocialMediaTask" */ = {
			isa = XCConfigurationList;
			buildConfigurations = (
				CE2FAB4A250F7F2700617621 /* Debug */,
				CE2FAB4B250F7F2700617621 /* Release */,
			);
			defaultConfigurationIsVisible = 0;
			defaultConfigurationName = Release;
		};
		CE2FAB4C250F7F2700617621 /* Build configuration list for PBXNativeTarget "SocialMediaTaskTests" */ = {
			isa = XCConfigurationList;
			buildConfigurations = (
				CE2FAB4D250F7F2700617621 /* Debug */,
				CE2FAB4E250F7F2700617621 /* Release */,
			);
			defaultConfigurationIsVisible = 0;
			defaultConfigurationName = Release;
		};
/* End XCConfigurationList section */
	};
	rootObject = CE2FAB22250F7F2200617621 /* Project object */;
}
