// !$*UTF8*$!
{
	archiveVersion = 1;
	classes = {
	};
	objectVersion = 51;
	objects = {

/* Begin PBXBuildFile section */
		0EF99DC48E9A000F83C815EA /* Pods_SocialMediaTask.framework in Frameworks */ = {isa = PBXBuildFile; fileRef = AEEE07E55E90AA55292D8B50 /* Pods_SocialMediaTask.framework */; };
		443B29D4081883C70CC3CB9F /* Pods_SocialMediaTaskTests.framework in Frameworks */ = {isa = PBXBuildFile; fileRef = 1ACE08AB28E32E9F2BB8084E /* Pods_SocialMediaTaskTests.framework */; };
		CE2FAB2E250F7F2200617621 /* AppDelegate.swift in Sources */ = {isa = PBXBuildFile; fileRef = CE2FAB2D250F7F2200617621 /* AppDelegate.swift */; };
		CE2FAB32250F7F2200617621 /* PostsVC.swift in Sources */ = {isa = PBXBuildFile; fileRef = CE2FAB31250F7F2200617621 /* PostsVC.swift */; };
		CE2FAB35250F7F2200617621 /* Main.storyboard in Resources */ = {isa = PBXBuildFile; fileRef = CE2FAB33250F7F2200617621 /* Main.storyboard */; };
		CE2FAB37250F7F2600617621 /* Assets.xcassets in Resources */ = {isa = PBXBuildFile; fileRef = CE2FAB36250F7F2600617621 /* Assets.xcassets */; };
		CE2FAB3A250F7F2600617621 /* LaunchScreen.storyboard in Resources */ = {isa = PBXBuildFile; fileRef = CE2FAB38250F7F2600617621 /* LaunchScreen.storyboard */; };
		CE2FAB45250F7F2700617621 /* SocialMediaTaskTests.swift in Sources */ = {isa = PBXBuildFile; fileRef = CE2FAB44250F7F2700617621 /* SocialMediaTaskTests.swift */; };
		CE2FAB89250F80B400617621 /* UIAplicationEx.swift in Sources */ = {isa = PBXBuildFile; fileRef = CE2FAB60250F80B300617621 /* UIAplicationEx.swift */; };
		CE2FAB8A250F80B400617621 /* TableViewEx.swift in Sources */ = {isa = PBXBuildFile; fileRef = CE2FAB61250F80B300617621 /* TableViewEx.swift */; };
		CE2FAB8D250F80B400617621 /* UIViewControllerEx.swift in Sources */ = {isa = PBXBuildFile; fileRef = CE2FAB64250F80B300617621 /* UIViewControllerEx.swift */; };
		CE2FAB8E250F80B400617621 /* XIB.swift in Sources */ = {isa = PBXBuildFile; fileRef = CE2FAB66250F80B300617621 /* XIB.swift */; };
		CE2FAB8F250F80B400617621 /* Storyboard.swift in Sources */ = {isa = PBXBuildFile; fileRef = CE2FAB67250F80B300617621 /* Storyboard.swift */; };
		CE2FAB90250F80B400617621 /* Animation.swift in Sources */ = {isa = PBXBuildFile; fileRef = CE2FAB68250F80B300617621 /* Animation.swift */; };
		CE2FAB98250F80B400617621 /* EncodableEx.swift in Sources */ = {isa = PBXBuildFile; fileRef = CE2FAB70250F80B300617621 /* EncodableEx.swift */; };
		CE2FAB99250F80B400617621 /* TextFieldExtensions.swift in Sources */ = {isa = PBXBuildFile; fileRef = CE2FAB71250F80B300617621 /* TextFieldExtensions.swift */; };
		CE2FAB9A250F80B400617621 /* UIImageViewEx.swift in Sources */ = {isa = PBXBuildFile; fileRef = CE2FAB72250F80B300617621 /* UIImageViewEx.swift */; };
		CE2FAB9D250F80B400617621 /* NotifyMessage.swift in Sources */ = {isa = PBXBuildFile; fileRef = CE2FAB76250F80B300617621 /* NotifyMessage.swift */; };
		CE2FAB9E250F80B400617621 /* Activity.swift in Sources */ = {isa = PBXBuildFile; fileRef = CE2FAB77250F80B300617621 /* Activity.swift */; };
		CE2FAB9F250F80B400617621 /* iView.swift in Sources */ = {isa = PBXBuildFile; fileRef = CE2FAB79250F80B400617621 /* iView.swift */; };
		CE2FABA0250F80B400617621 /* DesignableImageView.swift in Sources */ = {isa = PBXBuildFile; fileRef = CE2FAB7A250F80B400617621 /* DesignableImageView.swift */; };
		CE2FABA1250F80B400617621 /* iButton.swift in Sources */ = {isa = PBXBuildFile; fileRef = CE2FAB7B250F80B400617621 /* iButton.swift */; };
		CE2FABA2250F80B400617621 /* DesignableLabel.swift in Sources */ = {isa = PBXBuildFile; fileRef = CE2FAB7C250F80B400617621 /* DesignableLabel.swift */; };
		CE2FABA3250F80B400617621 /* DesignableTextField.swift in Sources */ = {isa = PBXBuildFile; fileRef = CE2FAB7D250F80B400617621 /* DesignableTextField.swift */; };
		CE2FABA4250F80B400617621 /* DesignableButton.swift in Sources */ = {isa = PBXBuildFile; fileRef = CE2FAB7E250F80B400617621 /* DesignableButton.swift */; };
		CE2FABA5250F80B400617621 /* DesignableView.swift in Sources */ = {isa = PBXBuildFile; fileRef = CE2FAB7F250F80B400617621 /* DesignableView.swift */; };
		CE2FABAA250F813E00617621 /* LibrariesManager.swift in Sources */ = {isa = PBXBuildFile; fileRef = CE2FABA9250F813E00617621 /* LibrariesManager.swift */; };
		CE42B9BE250FCBE500BCE516 /* FirebaseAPI.swift in Sources */ = {isa = PBXBuildFile; fileRef = CE42B9BC250FCBE400BCE516 /* FirebaseAPI.swift */; };
		CE42B9BF250FCBE500BCE516 /* FirebaseNetworkManager.swift in Sources */ = {isa = PBXBuildFile; fileRef = CE42B9BD250FCBE500BCE516 /* FirebaseNetworkManager.swift */; };
		CE42B9C1250FCC7100BCE516 /* FirebaseModels.swift in Sources */ = {isa = PBXBuildFile; fileRef = CE42B9C0250FCC7100BCE516 /* FirebaseModels.swift */; };
		CE42B9C5250FCCB200BCE516 /* FirebaseNetworkable.swift in Sources */ = {isa = PBXBuildFile; fileRef = CE42B9C4250FCCB200BCE516 /* FirebaseNetworkable.swift */; };
		CE42B9C8250FDCD100BCE516 /* NetworkError.swift in Sources */ = {isa = PBXBuildFile; fileRef = CE42B9C7250FDCD100BCE516 /* NetworkError.swift */; };
		CE42B9CF25101C5100BCE516 /* PostTableViewCell.swift in Sources */ = {isa = PBXBuildFile; fileRef = CE42B9CD25101C5100BCE516 /* PostTableViewCell.swift */; };
		CE42B9D025101C5100BCE516 /* PostTableViewCell.xib in Resources */ = {isa = PBXBuildFile; fileRef = CE42B9CE25101C5100BCE516 /* PostTableViewCell.xib */; };
		CE42B9D3251033DA00BCE516 /* Login.storyboard in Resources */ = {isa = PBXBuildFile; fileRef = CE42B9D1251033DA00BCE516 /* Login.storyboard */; };
		CE42B9D62510346800BCE516 /* LoginVC.swift in Sources */ = {isa = PBXBuildFile; fileRef = CE42B9D52510346800BCE516 /* LoginVC.swift */; };
		CE42B9D8251034C100BCE516 /* AppFlowManager.swift in Sources */ = {isa = PBXBuildFile; fileRef = CE42B9D7251034C100BCE516 /* AppFlowManager.swift */; };
		CE42B9DA251036DA00BCE516 /* LoginViewModel.swift in Sources */ = {isa = PBXBuildFile; fileRef = CE42B9D9251036DA00BCE516 /* LoginViewModel.swift */; };
		CE42B9DC251039D800BCE516 /* GoogleService-Info.plist in Resources */ = {isa = PBXBuildFile; fileRef = CE42B9DB251039D700BCE516 /* GoogleService-Info.plist */; };
		CE42B9DE2510431200BCE516 /* FirebaseUserSessionManager.swift in Sources */ = {isa = PBXBuildFile; fileRef = CE42B9DD2510431200BCE516 /* FirebaseUserSessionManager.swift */; };
/* End PBXBuildFile section */

/* Begin PBXContainerItemProxy section */
		CE2FAB41250F7F2700617621 /* PBXContainerItemProxy */ = {
			isa = PBXContainerItemProxy;
			containerPortal = CE2FAB22250F7F2200617621 /* Project object */;
			proxyType = 1;
			remoteGlobalIDString = CE2FAB29250F7F2200617621;
			remoteInfo = SocialMediaTask;
		};
/* End PBXContainerItemProxy section */

/* Begin PBXFileReference section */
		1ACE08AB28E32E9F2BB8084E /* Pods_SocialMediaTaskTests.framework */ = {isa = PBXFileReference; explicitFileType = wrapper.framework; includeInIndex = 0; path = Pods_SocialMediaTaskTests.framework; sourceTree = BUILT_PRODUCTS_DIR; };
		A1B07D478127E92164CB1F2A /* Pods-SocialMediaTask.debug.xcconfig */ = {isa = PBXFileReference; includeInIndex = 1; lastKnownFileType = text.xcconfig; name = "Pods-SocialMediaTask.debug.xcconfig"; path = "Target Support Files/Pods-SocialMediaTask/Pods-SocialMediaTask.debug.xcconfig"; sourceTree = "<group>"; };
		AEEE07E55E90AA55292D8B50 /* Pods_SocialMediaTask.framework */ = {isa = PBXFileReference; explicitFileType = wrapper.framework; includeInIndex = 0; path = Pods_SocialMediaTask.framework; sourceTree = BUILT_PRODUCTS_DIR; };
		C50BE49F3CD0051EAEA6612D /* Pods-SocialMediaTask.release.xcconfig */ = {isa = PBXFileReference; includeInIndex = 1; lastKnownFileType = text.xcconfig; name = "Pods-SocialMediaTask.release.xcconfig"; path = "Target Support Files/Pods-SocialMediaTask/Pods-SocialMediaTask.release.xcconfig"; sourceTree = "<group>"; };
		CE2FAB2A250F7F2200617621 /* SocialMediaTask.app */ = {isa = PBXFileReference; explicitFileType = wrapper.application; includeInIndex = 0; path = SocialMediaTask.app; sourceTree = BUILT_PRODUCTS_DIR; };
		CE2FAB2D250F7F2200617621 /* AppDelegate.swift */ = {isa = PBXFileReference; lastKnownFileType = sourcecode.swift; path = AppDelegate.swift; sourceTree = "<group>"; };
		CE2FAB31250F7F2200617621 /* PostsVC.swift */ = {isa = PBXFileReference; lastKnownFileType = sourcecode.swift; path = PostsVC.swift; sourceTree = "<group>"; };
		CE2FAB34250F7F2200617621 /* Base */ = {isa = PBXFileReference; lastKnownFileType = file.storyboard; name = Base; path = Base.lproj/Main.storyboard; sourceTree = "<group>"; };
		CE2FAB36250F7F2600617621 /* Assets.xcassets */ = {isa = PBXFileReference; lastKnownFileType = folder.assetcatalog; path = Assets.xcassets; sourceTree = "<group>"; };
		CE2FAB39250F7F2600617621 /* Base */ = {isa = PBXFileReference; lastKnownFileType = file.storyboard; name = Base; path = Base.lproj/LaunchScreen.storyboard; sourceTree = "<group>"; };
		CE2FAB3B250F7F2600617621 /* Info.plist */ = {isa = PBXFileReference; lastKnownFileType = text.plist.xml; path = Info.plist; sourceTree = "<group>"; };
		CE2FAB40250F7F2700617621 /* SocialMediaTaskTests.xctest */ = {isa = PBXFileReference; explicitFileType = wrapper.cfbundle; includeInIndex = 0; path = SocialMediaTaskTests.xctest; sourceTree = BUILT_PRODUCTS_DIR; };
		CE2FAB44250F7F2700617621 /* SocialMediaTaskTests.swift */ = {isa = PBXFileReference; lastKnownFileType = sourcecode.swift; path = SocialMediaTaskTests.swift; sourceTree = "<group>"; };
		CE2FAB46250F7F2700617621 /* Info.plist */ = {isa = PBXFileReference; lastKnownFileType = text.plist.xml; path = Info.plist; sourceTree = "<group>"; };
		CE2FAB60250F80B300617621 /* UIAplicationEx.swift */ = {isa = PBXFileReference; fileEncoding = 4; lastKnownFileType = sourcecode.swift; path = UIAplicationEx.swift; sourceTree = "<group>"; };
		CE2FAB61250F80B300617621 /* TableViewEx.swift */ = {isa = PBXFileReference; fileEncoding = 4; lastKnownFileType = sourcecode.swift; path = TableViewEx.swift; sourceTree = "<group>"; };
		CE2FAB64250F80B300617621 /* UIViewControllerEx.swift */ = {isa = PBXFileReference; fileEncoding = 4; lastKnownFileType = sourcecode.swift; path = UIViewControllerEx.swift; sourceTree = "<group>"; };
		CE2FAB66250F80B300617621 /* XIB.swift */ = {isa = PBXFileReference; fileEncoding = 4; lastKnownFileType = sourcecode.swift; path = XIB.swift; sourceTree = "<group>"; };
		CE2FAB67250F80B300617621 /* Storyboard.swift */ = {isa = PBXFileReference; fileEncoding = 4; lastKnownFileType = sourcecode.swift; path = Storyboard.swift; sourceTree = "<group>"; };
		CE2FAB68250F80B300617621 /* Animation.swift */ = {isa = PBXFileReference; fileEncoding = 4; lastKnownFileType = sourcecode.swift; path = Animation.swift; sourceTree = "<group>"; };
		CE2FAB70250F80B300617621 /* EncodableEx.swift */ = {isa = PBXFileReference; fileEncoding = 4; lastKnownFileType = sourcecode.swift; path = EncodableEx.swift; sourceTree = "<group>"; };
		CE2FAB71250F80B300617621 /* TextFieldExtensions.swift */ = {isa = PBXFileReference; fileEncoding = 4; lastKnownFileType = sourcecode.swift; path = TextFieldExtensions.swift; sourceTree = "<group>"; };
		CE2FAB72250F80B300617621 /* UIImageViewEx.swift */ = {isa = PBXFileReference; fileEncoding = 4; lastKnownFileType = sourcecode.swift; path = UIImageViewEx.swift; sourceTree = "<group>"; };
		CE2FAB76250F80B300617621 /* NotifyMessage.swift */ = {isa = PBXFileReference; fileEncoding = 4; lastKnownFileType = sourcecode.swift; path = NotifyMessage.swift; sourceTree = "<group>"; };
		CE2FAB77250F80B300617621 /* Activity.swift */ = {isa = PBXFileReference; fileEncoding = 4; lastKnownFileType = sourcecode.swift; path = Activity.swift; sourceTree = "<group>"; };
		CE2FAB79250F80B400617621 /* iView.swift */ = {isa = PBXFileReference; fileEncoding = 4; lastKnownFileType = sourcecode.swift; path = iView.swift; sourceTree = "<group>"; };
		CE2FAB7A250F80B400617621 /* DesignableImageView.swift */ = {isa = PBXFileReference; fileEncoding = 4; lastKnownFileType = sourcecode.swift; path = DesignableImageView.swift; sourceTree = "<group>"; };
		CE2FAB7B250F80B400617621 /* iButton.swift */ = {isa = PBXFileReference; fileEncoding = 4; lastKnownFileType = sourcecode.swift; path = iButton.swift; sourceTree = "<group>"; };
		CE2FAB7C250F80B400617621 /* DesignableLabel.swift */ = {isa = PBXFileReference; fileEncoding = 4; lastKnownFileType = sourcecode.swift; path = DesignableLabel.swift; sourceTree = "<group>"; };
		CE2FAB7D250F80B400617621 /* DesignableTextField.swift */ = {isa = PBXFileReference; fileEncoding = 4; lastKnownFileType = sourcecode.swift; path = DesignableTextField.swift; sourceTree = "<group>"; };
		CE2FAB7E250F80B400617621 /* DesignableButton.swift */ = {isa = PBXFileReference; fileEncoding = 4; lastKnownFileType = sourcecode.swift; path = DesignableButton.swift; sourceTree = "<group>"; };
		CE2FAB7F250F80B400617621 /* DesignableView.swift */ = {isa = PBXFileReference; fileEncoding = 4; lastKnownFileType = sourcecode.swift; path = DesignableView.swift; sourceTree = "<group>"; };
		CE2FABA9250F813E00617621 /* LibrariesManager.swift */ = {isa = PBXFileReference; lastKnownFileType = sourcecode.swift; path = LibrariesManager.swift; sourceTree = "<group>"; };
		CE42B9BC250FCBE400BCE516 /* FirebaseAPI.swift */ = {isa = PBXFileReference; fileEncoding = 4; lastKnownFileType = sourcecode.swift; path = FirebaseAPI.swift; sourceTree = "<group>"; };
		CE42B9BD250FCBE500BCE516 /* FirebaseNetworkManager.swift */ = {isa = PBXFileReference; fileEncoding = 4; lastKnownFileType = sourcecode.swift; path = FirebaseNetworkManager.swift; sourceTree = "<group>"; };
		CE42B9C0250FCC7100BCE516 /* FirebaseModels.swift */ = {isa = PBXFileReference; lastKnownFileType = sourcecode.swift; path = FirebaseModels.swift; sourceTree = "<group>"; };
		CE42B9C4250FCCB200BCE516 /* FirebaseNetworkable.swift */ = {isa = PBXFileReference; lastKnownFileType = sourcecode.swift; path = FirebaseNetworkable.swift; sourceTree = "<group>"; };
		CE42B9C7250FDCD100BCE516 /* NetworkError.swift */ = {isa = PBXFileReference; lastKnownFileType = sourcecode.swift; path = NetworkError.swift; sourceTree = "<group>"; };
		CE42B9CD25101C5100BCE516 /* PostTableViewCell.swift */ = {isa = PBXFileReference; lastKnownFileType = sourcecode.swift; path = PostTableViewCell.swift; sourceTree = "<group>"; };
		CE42B9CE25101C5100BCE516 /* PostTableViewCell.xib */ = {isa = PBXFileReference; lastKnownFileType = file.xib; path = PostTableViewCell.xib; sourceTree = "<group>"; };
		CE42B9D2251033DA00BCE516 /* Base */ = {isa = PBXFileReference; lastKnownFileType = file.storyboard; name = Base; path = Base.lproj/Login.storyboard; sourceTree = "<group>"; };
		CE42B9D52510346800BCE516 /* LoginVC.swift */ = {isa = PBXFileReference; lastKnownFileType = sourcecode.swift; path = LoginVC.swift; sourceTree = "<group>"; };
		CE42B9D7251034C100BCE516 /* AppFlowManager.swift */ = {isa = PBXFileReference; lastKnownFileType = sourcecode.swift; path = AppFlowManager.swift; sourceTree = "<group>"; };
		CE42B9D9251036DA00BCE516 /* LoginViewModel.swift */ = {isa = PBXFileReference; lastKnownFileType = sourcecode.swift; path = LoginViewModel.swift; sourceTree = "<group>"; };
		CE42B9DB251039D700BCE516 /* GoogleService-Info.plist */ = {isa = PBXFileReference; fileEncoding = 4; lastKnownFileType = text.plist.xml; path = "GoogleService-Info.plist"; sourceTree = "<group>"; };
		CE42B9DD2510431200BCE516 /* FirebaseUserSessionManager.swift */ = {isa = PBXFileReference; lastKnownFileType = sourcecode.swift; path = FirebaseUserSessionManager.swift; sourceTree = "<group>"; };
		DAFA7E21036093C5692E649B /* Pods-SocialMediaTaskTests.release.xcconfig */ = {isa = PBXFileReference; includeInIndex = 1; lastKnownFileType = text.xcconfig; name = "Pods-SocialMediaTaskTests.release.xcconfig"; path = "Target Support Files/Pods-SocialMediaTaskTests/Pods-SocialMediaTaskTests.release.xcconfig"; sourceTree = "<group>"; };
		F22B4140384F6FF19F811626 /* Pods-SocialMediaTaskTests.debug.xcconfig */ = {isa = PBXFileReference; includeInIndex = 1; lastKnownFileType = text.xcconfig; name = "Pods-SocialMediaTaskTests.debug.xcconfig"; path = "Target Support Files/Pods-SocialMediaTaskTests/Pods-SocialMediaTaskTests.debug.xcconfig"; sourceTree = "<group>"; };
/* End PBXFileReference section */

/* Begin PBXFrameworksBuildPhase section */
		CE2FAB27250F7F2200617621 /* Frameworks */ = {
			isa = PBXFrameworksBuildPhase;
			buildActionMask = 2147483647;
			files = (
				0EF99DC48E9A000F83C815EA /* Pods_SocialMediaTask.framework in Frameworks */,
			);
			runOnlyForDeploymentPostprocessing = 0;
		};
		CE2FAB3D250F7F2700617621 /* Frameworks */ = {
			isa = PBXFrameworksBuildPhase;
			buildActionMask = 2147483647;
			files = (
				443B29D4081883C70CC3CB9F /* Pods_SocialMediaTaskTests.framework in Frameworks */,
			);
			runOnlyForDeploymentPostprocessing = 0;
		};
/* End PBXFrameworksBuildPhase section */

/* Begin PBXGroup section */
		350CB070AE95F02821A0AFB0 /* Pods */ = {
			isa = PBXGroup;
			children = (
				A1B07D478127E92164CB1F2A /* Pods-SocialMediaTask.debug.xcconfig */,
				C50BE49F3CD0051EAEA6612D /* Pods-SocialMediaTask.release.xcconfig */,
				F22B4140384F6FF19F811626 /* Pods-SocialMediaTaskTests.debug.xcconfig */,
				DAFA7E21036093C5692E649B /* Pods-SocialMediaTaskTests.release.xcconfig */,
			);
			path = Pods;
			sourceTree = "<group>";
		};
		CE2FAB21250F7F2200617621 = {
			isa = PBXGroup;
			children = (
				CE2FAB2C250F7F2200617621 /* SocialMediaTask */,
				CE2FAB43250F7F2700617621 /* SocialMediaTaskTests */,
				CE2FAB2B250F7F2200617621 /* Products */,
				350CB070AE95F02821A0AFB0 /* Pods */,
				EA09985E401717097927FF06 /* Frameworks */,
			);
			sourceTree = "<group>";
		};
		CE2FAB2B250F7F2200617621 /* Products */ = {
			isa = PBXGroup;
			children = (
				CE2FAB2A250F7F2200617621 /* SocialMediaTask.app */,
				CE2FAB40250F7F2700617621 /* SocialMediaTaskTests.xctest */,
			);
			name = Products;
			sourceTree = "<group>";
		};
		CE2FAB2C250F7F2200617621 /* SocialMediaTask */ = {
			isa = PBXGroup;
			children = (
				CE2FAB50250F7F5E00617621 /* Supporting Files */,
				CE2FAB4F250F7F5400617621 /* App Core */,
				CE2FAB51250F7F7D00617621 /* Screens */,
				CE2FAB52250F7F9F00617621 /* Modules */,
				CE42B9B9250FCB1600BCE516 /* Service */,
			);
			path = SocialMediaTask;
			sourceTree = "<group>";
		};
		CE2FAB43250F7F2700617621 /* SocialMediaTaskTests */ = {
			isa = PBXGroup;
			children = (
				CE2FAB44250F7F2700617621 /* SocialMediaTaskTests.swift */,
				CE2FAB46250F7F2700617621 /* Info.plist */,
			);
			path = SocialMediaTaskTests;
			sourceTree = "<group>";
		};
		CE2FAB4F250F7F5400617621 /* App Core */ = {
			isa = PBXGroup;
			children = (
				CE2FABA6250F80B800617621 /* Custom UI Components */,
				CE2FAB5E250F80B300617621 /* Extensions */,
				CE2FAB74250F80B300617621 /* Helpers */,
				CE2FAB55250F80B300617621 /* Managers */,
			);
			path = "App Core";
			sourceTree = "<group>";
		};
		CE2FAB50250F7F5E00617621 /* Supporting Files */ = {
			isa = PBXGroup;
			children = (
				CE42B9DB251039D700BCE516 /* GoogleService-Info.plist */,
				CE2FAB2D250F7F2200617621 /* AppDelegate.swift */,
				CE2FAB36250F7F2600617621 /* Assets.xcassets */,
				CE2FAB3B250F7F2600617621 /* Info.plist */,
			);
			path = "Supporting Files";
			sourceTree = "<group>";
		};
		CE2FAB51250F7F7D00617621 /* Screens */ = {
			isa = PBXGroup;
			children = (
				CE2FAB33250F7F2200617621 /* Main.storyboard */,
				CE2FAB38250F7F2600617621 /* LaunchScreen.storyboard */,
				CE42B9D1251033DA00BCE516 /* Login.storyboard */,
			);
			path = Screens;
			sourceTree = "<group>";
		};
		CE2FAB52250F7F9F00617621 /* Modules */ = {
			isa = PBXGroup;
			children = (
				CE42B9D42510345900BCE516 /* Login */,
				CE2FAB53250F7FB000617621 /* Posts */,
			);
			path = Modules;
			sourceTree = "<group>";
		};
		CE2FAB53250F7FB000617621 /* Posts */ = {
			isa = PBXGroup;
			children = (
				CE42B9CA25101BF400BCE516 /* View */,
				CE2FAB31250F7F2200617621 /* PostsVC.swift */,
			);
			path = Posts;
			sourceTree = "<group>";
		};
		CE2FAB55250F80B300617621 /* Managers */ = {
			isa = PBXGroup;
			children = (
				CE2FABA9250F813E00617621 /* LibrariesManager.swift */,
				CE42B9D7251034C100BCE516 /* AppFlowManager.swift */,
				CE42B9DD2510431200BCE516 /* FirebaseUserSessionManager.swift */,
			);
			path = Managers;
			sourceTree = "<group>";
		};
		CE2FAB5E250F80B300617621 /* Extensions */ = {
			isa = PBXGroup;
			children = (
				CE2FAB65250F80B300617621 /* XIB and StoryBoard */,
				CE2FAB60250F80B300617621 /* UIAplicationEx.swift */,
				CE2FAB61250F80B300617621 /* TableViewEx.swift */,
				CE2FAB64250F80B300617621 /* UIViewControllerEx.swift */,
				CE2FAB68250F80B300617621 /* Animation.swift */,
				CE2FAB70250F80B300617621 /* EncodableEx.swift */,
				CE2FAB71250F80B300617621 /* TextFieldExtensions.swift */,
				CE2FAB72250F80B300617621 /* UIImageViewEx.swift */,
			);
			path = Extensions;
			sourceTree = "<group>";
		};
		CE2FAB65250F80B300617621 /* XIB and StoryBoard */ = {
			isa = PBXGroup;
			children = (
				CE2FAB66250F80B300617621 /* XIB.swift */,
				CE2FAB67250F80B300617621 /* Storyboard.swift */,
			);
			path = "XIB and StoryBoard";
			sourceTree = "<group>";
		};
		CE2FAB74250F80B300617621 /* Helpers */ = {
			isa = PBXGroup;
			children = (
				CE2FAB76250F80B300617621 /* NotifyMessage.swift */,
				CE2FAB77250F80B300617621 /* Activity.swift */,
			);
			path = Helpers;
			sourceTree = "<group>";
		};
		CE2FAB78250F80B400617621 /* Designable Elements */ = {
			isa = PBXGroup;
			children = (
				CE2FAB79250F80B400617621 /* iView.swift */,
				CE2FAB7A250F80B400617621 /* DesignableImageView.swift */,
				CE2FAB7B250F80B400617621 /* iButton.swift */,
				CE2FAB7C250F80B400617621 /* DesignableLabel.swift */,
				CE2FAB7D250F80B400617621 /* DesignableTextField.swift */,
				CE2FAB7E250F80B400617621 /* DesignableButton.swift */,
				CE2FAB7F250F80B400617621 /* DesignableView.swift */,
			);
			path = "Designable Elements";
			sourceTree = "<group>";
		};
		CE2FABA6250F80B800617621 /* Custom UI Components */ = {
			isa = PBXGroup;
			children = (
				CE2FAB78250F80B400617621 /* Designable Elements */,
			);
			path = "Custom UI Components";
			sourceTree = "<group>";
		};
		CE42B9B9250FCB1600BCE516 /* Service */ = {
			isa = PBXGroup;
			children = (
				CE42B9BA250FCB3400BCE516 /* Remote */,
			);
			path = Service;
			sourceTree = "<group>";
		};
		CE42B9BA250FCB3400BCE516 /* Remote */ = {
			isa = PBXGroup;
			children = (
				CE42B9C6250FDCC100BCE516 /* Base */,
				CE42B9BB250FCBE400BCE516 /* Firebase */,
			);
			path = Remote;
			sourceTree = "<group>";
		};
		CE42B9BB250FCBE400BCE516 /* Firebase */ = {
			isa = PBXGroup;
			children = (
				CE42B9C3250FCC8000BCE516 /* Model */,
				CE42B9C2250FCC7900BCE516 /* Core */,
			);
			path = Firebase;
			sourceTree = "<group>";
		};
		CE42B9C2250FCC7900BCE516 /* Core */ = {
			isa = PBXGroup;
			children = (
				CE42B9BC250FCBE400BCE516 /* FirebaseAPI.swift */,
				CE42B9BD250FCBE500BCE516 /* FirebaseNetworkManager.swift */,
				CE42B9C4250FCCB200BCE516 /* FirebaseNetworkable.swift */,
			);
			path = Core;
			sourceTree = "<group>";
		};
		CE42B9C3250FCC8000BCE516 /* Model */ = {
			isa = PBXGroup;
			children = (
				CE42B9C0250FCC7100BCE516 /* FirebaseModels.swift */,
			);
			path = Model;
			sourceTree = "<group>";
		};
		CE42B9C6250FDCC100BCE516 /* Base */ = {
			isa = PBXGroup;
			children = (
				CE42B9C7250FDCD100BCE516 /* NetworkError.swift */,
			);
			path = Base;
			sourceTree = "<group>";
		};
		CE42B9CA25101BF400BCE516 /* View */ = {
			isa = PBXGroup;
			children = (
				CE42B9CD25101C5100BCE516 /* PostTableViewCell.swift */,
				CE42B9CE25101C5100BCE516 /* PostTableViewCell.xib */,
			);
			path = View;
			sourceTree = "<group>";
		};
		CE42B9D42510345900BCE516 /* Login */ = {
			isa = PBXGroup;
			children = (
				CE42B9D52510346800BCE516 /* LoginVC.swift */,
				CE42B9D9251036DA00BCE516 /* LoginViewModel.swift */,
			);
			path = Login;
			sourceTree = "<group>";
		};
		EA09985E401717097927FF06 /* Frameworks */ = {
			isa = PBXGroup;
			children = (
				AEEE07E55E90AA55292D8B50 /* Pods_SocialMediaTask.framework */,
				1ACE08AB28E32E9F2BB8084E /* Pods_SocialMediaTaskTests.framework */,
			);
			name = Frameworks;
			sourceTree = "<group>";
		};
/* End PBXGroup section */

/* Begin PBXNativeTarget section */
		CE2FAB29250F7F2200617621 /* SocialMediaTask */ = {
			isa = PBXNativeTarget;
			buildConfigurationList = CE2FAB49250F7F2700617621 /* Build configuration list for PBXNativeTarget "SocialMediaTask" */;
			buildPhases = (
				74C984A3D6F321781DADA986 /* [CP] Check Pods Manifest.lock */,
				CE2FAB26250F7F2200617621 /* Sources */,
				CE2FAB27250F7F2200617621 /* Frameworks */,
				CE2FAB28250F7F2200617621 /* Resources */,
				A056D237B7D75E5A6FE2B11C /* [CP] Embed Pods Frameworks */,
			);
			buildRules = (
			);
			dependencies = (
			);
			name = SocialMediaTask;
			productName = SocialMediaTask;
			productReference = CE2FAB2A250F7F2200617621 /* SocialMediaTask.app */;
			productType = "com.apple.product-type.application";
		};
		CE2FAB3F250F7F2700617621 /* SocialMediaTaskTests */ = {
			isa = PBXNativeTarget;
			buildConfigurationList = CE2FAB4C250F7F2700617621 /* Build configuration list for PBXNativeTarget "SocialMediaTaskTests" */;
			buildPhases = (
				97DD43EC437FED8BD9E502C5 /* [CP] Check Pods Manifest.lock */,
				CE2FAB3C250F7F2700617621 /* Sources */,
				CE2FAB3D250F7F2700617621 /* Frameworks */,
				CE2FAB3E250F7F2700617621 /* Resources */,
			);
			buildRules = (
			);
			dependencies = (
				CE2FAB42250F7F2700617621 /* PBXTargetDependency */,
			);
			name = SocialMediaTaskTests;
			productName = SocialMediaTaskTests;
			productReference = CE2FAB40250F7F2700617621 /* SocialMediaTaskTests.xctest */;
			productType = "com.apple.product-type.bundle.unit-test";
		};
/* End PBXNativeTarget section */

/* Begin PBXProject section */
		CE2FAB22250F7F2200617621 /* Project object */ = {
			isa = PBXProject;
			attributes = {
				LastSwiftUpdateCheck = 1160;
				LastUpgradeCheck = 1160;
				ORGANIZATIONNAME = "Essam Mohamed Fahmi";
				TargetAttributes = {
					CE2FAB29250F7F2200617621 = {
						CreatedOnToolsVersion = 11.6;
					};
					CE2FAB3F250F7F2700617621 = {
						CreatedOnToolsVersion = 11.6;
						TestTargetID = CE2FAB29250F7F2200617621;
					};
				};
			};
			buildConfigurationList = CE2FAB25250F7F2200617621 /* Build configuration list for PBXProject "SocialMediaTask" */;
			compatibilityVersion = "Xcode 9.3";
			developmentRegion = en;
			hasScannedForEncodings = 0;
			knownRegions = (
				en,
				Base,
			);
			mainGroup = CE2FAB21250F7F2200617621;
			productRefGroup = CE2FAB2B250F7F2200617621 /* Products */;
			projectDirPath = "";
			projectRoot = "";
			targets = (
				CE2FAB29250F7F2200617621 /* SocialMediaTask */,
				CE2FAB3F250F7F2700617621 /* SocialMediaTaskTests */,
			);
		};
/* End PBXProject section */

/* Begin PBXResourcesBuildPhase section */
		CE2FAB28250F7F2200617621 /* Resources */ = {
			isa = PBXResourcesBuildPhase;
			buildActionMask = 2147483647;
			files = (
				CE2FAB3A250F7F2600617621 /* LaunchScreen.storyboard in Resources */,
				CE2FAB37250F7F2600617621 /* Assets.xcassets in Resources */,
				CE2FAB35250F7F2200617621 /* Main.storyboard in Resources */,
				CE42B9D3251033DA00BCE516 /* Login.storyboard in Resources */,
				CE42B9D025101C5100BCE516 /* PostTableViewCell.xib in Resources */,
				CE42B9DC251039D800BCE516 /* GoogleService-Info.plist in Resources */,
			);
			runOnlyForDeploymentPostprocessing = 0;
		};
		CE2FAB3E250F7F2700617621 /* Resources */ = {
			isa = PBXResourcesBuildPhase;
			buildActionMask = 2147483647;
			files = (
			);
			runOnlyForDeploymentPostprocessing = 0;
		};
/* End PBXResourcesBuildPhase section */

/* Begin PBXShellScriptBuildPhase section */
		74C984A3D6F321781DADA986 /* [CP] Check Pods Manifest.lock */ = {
			isa = PBXShellScriptBuildPhase;
			buildActionMask = 2147483647;
			files = (
			);
			inputFileListPaths = (
			);
			inputPaths = (
				"${PODS_PODFILE_DIR_PATH}/Podfile.lock",
				"${PODS_ROOT}/Manifest.lock",
			);
			name = "[CP] Check Pods Manifest.lock";
			outputFileListPaths = (
			);
			outputPaths = (
				"$(DERIVED_FILE_DIR)/Pods-SocialMediaTask-checkManifestLockResult.txt",
			);
			runOnlyForDeploymentPostprocessing = 0;
			shellPath = /bin/sh;
			shellScript = "diff \"${PODS_PODFILE_DIR_PATH}/Podfile.lock\" \"${PODS_ROOT}/Manifest.lock\" > /dev/null\nif [ $? != 0 ] ; then\n    # print error to STDERR\n    echo \"error: The sandbox is not in sync with the Podfile.lock. Run 'pod install' or update your CocoaPods installation.\" >&2\n    exit 1\nfi\n# This output is used by Xcode 'outputs' to avoid re-running this script phase.\necho \"SUCCESS\" > \"${SCRIPT_OUTPUT_FILE_0}\"\n";
			showEnvVarsInLog = 0;
		};
		97DD43EC437FED8BD9E502C5 /* [CP] Check Pods Manifest.lock */ = {
			isa = PBXShellScriptBuildPhase;
			buildActionMask = 2147483647;
			files = (
			);
			inputFileListPaths = (
			);
			inputPaths = (
				"${PODS_PODFILE_DIR_PATH}/Podfile.lock",
				"${PODS_ROOT}/Manifest.lock",
			);
			name = "[CP] Check Pods Manifest.lock";
			outputFileListPaths = (
			);
			outputPaths = (
				"$(DERIVED_FILE_DIR)/Pods-SocialMediaTaskTests-checkManifestLockResult.txt",
			);
			runOnlyForDeploymentPostprocessing = 0;
			shellPath = /bin/sh;
			shellScript = "diff \"${PODS_PODFILE_DIR_PATH}/Podfile.lock\" \"${PODS_ROOT}/Manifest.lock\" > /dev/null\nif [ $? != 0 ] ; then\n    # print error to STDERR\n    echo \"error: The sandbox is not in sync with the Podfile.lock. Run 'pod install' or update your CocoaPods installation.\" >&2\n    exit 1\nfi\n# This output is used by Xcode 'outputs' to avoid re-running this script phase.\necho \"SUCCESS\" > \"${SCRIPT_OUTPUT_FILE_0}\"\n";
			showEnvVarsInLog = 0;
		};
		A056D237B7D75E5A6FE2B11C /* [CP] Embed Pods Frameworks */ = {
			isa = PBXShellScriptBuildPhase;
			buildActionMask = 2147483647;
			files = (
			);
			inputFileListPaths = (
				"${PODS_ROOT}/Target Support Files/Pods-SocialMediaTask/Pods-SocialMediaTask-frameworks-${CONFIGURATION}-input-files.xcfilelist",
			);
			name = "[CP] Embed Pods Frameworks";
			outputFileListPaths = (
				"${PODS_ROOT}/Target Support Files/Pods-SocialMediaTask/Pods-SocialMediaTask-frameworks-${CONFIGURATION}-output-files.xcfilelist",
			);
			runOnlyForDeploymentPostprocessing = 0;
			shellPath = /bin/sh;
			shellScript = "\"${PODS_ROOT}/Target Support Files/Pods-SocialMediaTask/Pods-SocialMediaTask-frameworks.sh\"\n";
			showEnvVarsInLog = 0;
		};
/* End PBXShellScriptBuildPhase section */

/* Begin PBXSourcesBuildPhase section */
		CE2FAB26250F7F2200617621 /* Sources */ = {
			isa = PBXSourcesBuildPhase;
			buildActionMask = 2147483647;
			files = (
				CE2FABA1250F80B400617621 /* iButton.swift in Sources */,
				CE2FAB98250F80B400617621 /* EncodableEx.swift in Sources */,
				CE42B9D62510346800BCE516 /* LoginVC.swift in Sources */,
				CE2FAB89250F80B400617621 /* UIAplicationEx.swift in Sources */,
				CE2FAB8A250F80B400617621 /* TableViewEx.swift in Sources */,
				CE2FAB99250F80B400617621 /* TextFieldExtensions.swift in Sources */,
				CE2FABA0250F80B400617621 /* DesignableImageView.swift in Sources */,
				CE42B9C8250FDCD100BCE516 /* NetworkError.swift in Sources */,
				CE42B9DA251036DA00BCE516 /* LoginViewModel.swift in Sources */,
				CE2FABA5250F80B400617621 /* DesignableView.swift in Sources */,
				CE2FAB9E250F80B400617621 /* Activity.swift in Sources */,
				CE42B9BE250FCBE500BCE516 /* FirebaseAPI.swift in Sources */,
				CE42B9C1250FCC7100BCE516 /* FirebaseModels.swift in Sources */,
				CE2FABAA250F813E00617621 /* LibrariesManager.swift in Sources */,
				CE2FABA2250F80B400617621 /* DesignableLabel.swift in Sources */,
				CE42B9D8251034C100BCE516 /* AppFlowManager.swift in Sources */,
				CE2FAB9D250F80B400617621 /* NotifyMessage.swift in Sources */,
				CE2FAB32250F7F2200617621 /* PostsVC.swift in Sources */,
				CE2FAB8E250F80B400617621 /* XIB.swift in Sources */,
				CE2FAB8D250F80B400617621 /* UIViewControllerEx.swift in Sources */,
				CE2FABA4250F80B400617621 /* DesignableButton.swift in Sources */,
				CE2FABA3250F80B400617621 /* DesignableTextField.swift in Sources */,
				CE2FAB2E250F7F2200617621 /* AppDelegate.swift in Sources */,
				CE42B9BF250FCBE500BCE516 /* FirebaseNetworkManager.swift in Sources */,
				CE2FAB90250F80B400617621 /* Animation.swift in Sources */,
				CE2FAB9A250F80B400617621 /* UIImageViewEx.swift in Sources */,
				CE42B9DE2510431200BCE516 /* FirebaseUserSessionManager.swift in Sources */,
				CE2FAB9F250F80B400617621 /* iView.swift in Sources */,
				CE2FAB8F250F80B400617621 /* Storyboard.swift in Sources */,
				CE42B9C5250FCCB200BCE516 /* FirebaseNetworkable.swift in Sources */,
				CE42B9CF25101C5100BCE516 /* PostTableViewCell.swift in Sources */,
			);
			runOnlyForDeploymentPostprocessing = 0;
		};
		CE2FAB3C250F7F2700617621 /* Sources */ = {
			isa = PBXSourcesBuildPhase;
			buildActionMask = 2147483647;
			files = (
				CE2FAB45250F7F2700617621 /* SocialMediaTaskTests.swift in Sources */,
			);
			runOnlyForDeploymentPostprocessing = 0;
		};
/* End PBXSourcesBuildPhase section */

/* Begin PBXTargetDependency section */
		CE2FAB42250F7F2700617621 /* PBXTargetDependency */ = {
			isa = PBXTargetDependency;
			target = CE2FAB29250F7F2200617621 /* SocialMediaTask */;
			targetProxy = CE2FAB41250F7F2700617621 /* PBXContainerItemProxy */;
		};
/* End PBXTargetDependency section */

/* Begin PBXVariantGroup section */
		CE2FAB33250F7F2200617621 /* Main.storyboard */ = {
			isa = PBXVariantGroup;
			children = (
				CE2FAB34250F7F2200617621 /* Base */,
			);
			name = Main.storyboard;
			sourceTree = "<group>";
		};
		CE2FAB38250F7F2600617621 /* LaunchScreen.storyboard */ = {
			isa = PBXVariantGroup;
			children = (
				CE2FAB39250F7F2600617621 /* Base */,
			);
			name = LaunchScreen.storyboard;
			sourceTree = "<group>";
		};
		CE42B9D1251033DA00BCE516 /* Login.storyboard */ = {
			isa = PBXVariantGroup;
			children = (
				CE42B9D2251033DA00BCE516 /* Base */,
			);
			name = Login.storyboard;
			sourceTree = "<group>";
		};
/* End PBXVariantGroup section */

/* Begin XCBuildConfiguration section */
		CE2FAB47250F7F2700617621 /* Debug */ = {
			isa = XCBuildConfiguration;
			buildSettings = {
				ALWAYS_SEARCH_USER_PATHS = NO;
				CLANG_ANALYZER_NONNULL = YES;
				CLANG_ANALYZER_NUMBER_OBJECT_CONVERSION = YES_AGGRESSIVE;
				CLANG_CXX_LANGUAGE_STANDARD = "gnu++14";
				CLANG_CXX_LIBRARY = "libc++";
				CLANG_ENABLE_MODULES = YES;
				CLANG_ENABLE_OBJC_ARC = YES;
				CLANG_ENABLE_OBJC_WEAK = YES;
				CLANG_WARN_BLOCK_CAPTURE_AUTORELEASING = YES;
				CLANG_WARN_BOOL_CONVERSION = YES;
				CLANG_WARN_COMMA = YES;
				CLANG_WARN_CONSTANT_CONVERSION = YES;
				CLANG_WARN_DEPRECATED_OBJC_IMPLEMENTATIONS = YES;
				CLANG_WARN_DIRECT_OBJC_ISA_USAGE = YES_ERROR;
				CLANG_WARN_DOCUMENTATION_COMMENTS = YES;
				CLANG_WARN_EMPTY_BODY = YES;
				CLANG_WARN_ENUM_CONVERSION = YES;
				CLANG_WARN_INFINITE_RECURSION = YES;
				CLANG_WARN_INT_CONVERSION = YES;
				CLANG_WARN_NON_LITERAL_NULL_CONVERSION = YES;
				CLANG_WARN_OBJC_IMPLICIT_RETAIN_SELF = YES;
				CLANG_WARN_OBJC_LITERAL_CONVERSION = YES;
				CLANG_WARN_OBJC_ROOT_CLASS = YES_ERROR;
				CLANG_WARN_RANGE_LOOP_ANALYSIS = YES;
				CLANG_WARN_STRICT_PROTOTYPES = YES;
				CLANG_WARN_SUSPICIOUS_MOVE = YES;
				CLANG_WARN_UNGUARDED_AVAILABILITY = YES_AGGRESSIVE;
				CLANG_WARN_UNREACHABLE_CODE = YES;
				CLANG_WARN__DUPLICATE_METHOD_MATCH = YES;
				COPY_PHASE_STRIP = NO;
				DEBUG_INFORMATION_FORMAT = dwarf;
				ENABLE_STRICT_OBJC_MSGSEND = YES;
				ENABLE_TESTABILITY = YES;
				GCC_C_LANGUAGE_STANDARD = gnu11;
				GCC_DYNAMIC_NO_PIC = NO;
				GCC_NO_COMMON_BLOCKS = YES;
				GCC_OPTIMIZATION_LEVEL = 0;
				GCC_PREPROCESSOR_DEFINITIONS = (
					"DEBUG=1",
					"$(inherited)",
				);
				GCC_WARN_64_TO_32_BIT_CONVERSION = YES;
				GCC_WARN_ABOUT_RETURN_TYPE = YES_ERROR;
				GCC_WARN_UNDECLARED_SELECTOR = YES;
				GCC_WARN_UNINITIALIZED_AUTOS = YES_AGGRESSIVE;
				GCC_WARN_UNUSED_FUNCTION = YES;
				GCC_WARN_UNUSED_VARIABLE = YES;
				IPHONEOS_DEPLOYMENT_TARGET = 12.0;
				MTL_ENABLE_DEBUG_INFO = INCLUDE_SOURCE;
				MTL_FAST_MATH = YES;
				ONLY_ACTIVE_ARCH = YES;
				SDKROOT = iphoneos;
				SWIFT_ACTIVE_COMPILATION_CONDITIONS = DEBUG;
				SWIFT_OPTIMIZATION_LEVEL = "-Onone";
			};
			name = Debug;
		};
		CE2FAB48250F7F2700617621 /* Release */ = {
			isa = XCBuildConfiguration;
			buildSettings = {
				ALWAYS_SEARCH_USER_PATHS = NO;
				CLANG_ANALYZER_NONNULL = YES;
				CLANG_ANALYZER_NUMBER_OBJECT_CONVERSION = YES_AGGRESSIVE;
				CLANG_CXX_LANGUAGE_STANDARD = "gnu++14";
				CLANG_CXX_LIBRARY = "libc++";
				CLANG_ENABLE_MODULES = YES;
				CLANG_ENABLE_OBJC_ARC = YES;
				CLANG_ENABLE_OBJC_WEAK = YES;
				CLANG_WARN_BLOCK_CAPTURE_AUTORELEASING = YES;
				CLANG_WARN_BOOL_CONVERSION = YES;
				CLANG_WARN_COMMA = YES;
				CLANG_WARN_CONSTANT_CONVERSION = YES;
				CLANG_WARN_DEPRECATED_OBJC_IMPLEMENTATIONS = YES;
				CLANG_WARN_DIRECT_OBJC_ISA_USAGE = YES_ERROR;
				CLANG_WARN_DOCUMENTATION_COMMENTS = YES;
				CLANG_WARN_EMPTY_BODY = YES;
				CLANG_WARN_ENUM_CONVERSION = YES;
				CLANG_WARN_INFINITE_RECURSION = YES;
				CLANG_WARN_INT_CONVERSION = YES;
				CLANG_WARN_NON_LITERAL_NULL_CONVERSION = YES;
				CLANG_WARN_OBJC_IMPLICIT_RETAIN_SELF = YES;
				CLANG_WARN_OBJC_LITERAL_CONVERSION = YES;
				CLANG_WARN_OBJC_ROOT_CLASS = YES_ERROR;
				CLANG_WARN_RANGE_LOOP_ANALYSIS = YES;
				CLANG_WARN_STRICT_PROTOTYPES = YES;
				CLANG_WARN_SUSPICIOUS_MOVE = YES;
				CLANG_WARN_UNGUARDED_AVAILABILITY = YES_AGGRESSIVE;
				CLANG_WARN_UNREACHABLE_CODE = YES;
				CLANG_WARN__DUPLICATE_METHOD_MATCH = YES;
				COPY_PHASE_STRIP = NO;
				DEBUG_INFORMATION_FORMAT = "dwarf-with-dsym";
				ENABLE_NS_ASSERTIONS = NO;
				ENABLE_STRICT_OBJC_MSGSEND = YES;
				GCC_C_LANGUAGE_STANDARD = gnu11;
				GCC_NO_COMMON_BLOCKS = YES;
				GCC_WARN_64_TO_32_BIT_CONVERSION = YES;
				GCC_WARN_ABOUT_RETURN_TYPE = YES_ERROR;
				GCC_WARN_UNDECLARED_SELECTOR = YES;
				GCC_WARN_UNINITIALIZED_AUTOS = YES_AGGRESSIVE;
				GCC_WARN_UNUSED_FUNCTION = YES;
				GCC_WARN_UNUSED_VARIABLE = YES;
				IPHONEOS_DEPLOYMENT_TARGET = 12.0;
				MTL_ENABLE_DEBUG_INFO = NO;
				MTL_FAST_MATH = YES;
				SDKROOT = iphoneos;
				SWIFT_COMPILATION_MODE = wholemodule;
				SWIFT_OPTIMIZATION_LEVEL = "-O";
				VALIDATE_PRODUCT = YES;
			};
			name = Release;
		};
		CE2FAB4A250F7F2700617621 /* Debug */ = {
			isa = XCBuildConfiguration;
			baseConfigurationReference = A1B07D478127E92164CB1F2A /* Pods-SocialMediaTask.debug.xcconfig */;
			buildSettings = {
				ASSETCATALOG_COMPILER_APPICON_NAME = AppIcon;
				CODE_SIGN_STYLE = Automatic;
				DEVELOPMENT_TEAM = UA3HP7LWZZ;
				INFOPLIST_FILE = "$(SRCROOT)/SocialMediaTask/Supporting Files/Info.plist";
				IPHONEOS_DEPLOYMENT_TARGET = 12.0;
				LD_RUNPATH_SEARCH_PATHS = (
					"$(inherited)",
					"@executable_path/Frameworks",
				);
				PRODUCT_BUNDLE_IDENTIFIER = com.faylasof.SocialMediaTask;
				PRODUCT_NAME = "$(TARGET_NAME)";
				SWIFT_VERSION = 5.0;
				TARGETED_DEVICE_FAMILY = "1,2";
			};
			name = Debug;
		};
		CE2FAB4B250F7F2700617621 /* Release */ = {
			isa = XCBuildConfiguration;
			baseConfigurationReference = C50BE49F3CD0051EAEA6612D /* Pods-SocialMediaTask.release.xcconfig */;
			buildSettings = {
				ASSETCATALOG_COMPILER_APPICON_NAME = AppIcon;
				CODE_SIGN_STYLE = Automatic;
				DEVELOPMENT_TEAM = UA3HP7LWZZ;
				INFOPLIST_FILE = "$(SRCROOT)/SocialMediaTask/Supporting Files/Info.plist";
				IPHONEOS_DEPLOYMENT_TARGET = 12.0;
				LD_RUNPATH_SEARCH_PATHS = (
					"$(inherited)",
					"@executable_path/Frameworks",
				);
				PRODUCT_BUNDLE_IDENTIFIER = com.faylasof.SocialMediaTask;
				PRODUCT_NAME = "$(TARGET_NAME)";
				SWIFT_VERSION = 5.0;
				TARGETED_DEVICE_FAMILY = "1,2";
			};
			name = Release;
		};
		CE2FAB4D250F7F2700617621 /* Debug */ = {
			isa = XCBuildConfiguration;
			baseConfigurationReference = F22B4140384F6FF19F811626 /* Pods-SocialMediaTaskTests.debug.xcconfig */;
			buildSettings = {
				ALWAYS_EMBED_SWIFT_STANDARD_LIBRARIES = YES;
				BUNDLE_LOADER = "$(TEST_HOST)";
				CODE_SIGN_STYLE = Automatic;
				DEVELOPMENT_TEAM = UA3HP7LWZZ;
				INFOPLIST_FILE = SocialMediaTaskTests/Info.plist;
				IPHONEOS_DEPLOYMENT_TARGET = 13.6;
				LD_RUNPATH_SEARCH_PATHS = (
					"$(inherited)",
					"@executable_path/Frameworks",
					"@loader_path/Frameworks",
				);
				PRODUCT_BUNDLE_IDENTIFIER = com.faylasof.SocialMediaTask.SocialMediaTaskTests;
				PRODUCT_NAME = "$(TARGET_NAME)";
				SWIFT_VERSION = 5.0;
				TARGETED_DEVICE_FAMILY = "1,2";
				TEST_HOST = "$(BUILT_PRODUCTS_DIR)/SocialMediaTask.app/SocialMediaTask";
			};
			name = Debug;
		};
		CE2FAB4E250F7F2700617621 /* Release */ = {
			isa = XCBuildConfiguration;
			baseConfigurationReference = DAFA7E21036093C5692E649B /* Pods-SocialMediaTaskTests.release.xcconfig */;
			buildSettings = {
				ALWAYS_EMBED_SWIFT_STANDARD_LIBRARIES = YES;
				BUNDLE_LOADER = "$(TEST_HOST)";
				CODE_SIGN_STYLE = Automatic;
				DEVELOPMENT_TEAM = UA3HP7LWZZ;
				INFOPLIST_FILE = SocialMediaTaskTests/Info.plist;
				IPHONEOS_DEPLOYMENT_TARGET = 13.6;
				LD_RUNPATH_SEARCH_PATHS = (
					"$(inherited)",
					"@executable_path/Frameworks",
					"@loader_path/Frameworks",
				);
				PRODUCT_BUNDLE_IDENTIFIER = com.faylasof.SocialMediaTask.SocialMediaTaskTests;
				PRODUCT_NAME = "$(TARGET_NAME)";
				SWIFT_VERSION = 5.0;
				TARGETED_DEVICE_FAMILY = "1,2";
				TEST_HOST = "$(BUILT_PRODUCTS_DIR)/SocialMediaTask.app/SocialMediaTask";
			};
			name = Release;
		};
/* End XCBuildConfiguration section */

/* Begin XCConfigurationList section */
		CE2FAB25250F7F2200617621 /* Build configuration list for PBXProject "SocialMediaTask" */ = {
			isa = XCConfigurationList;
			buildConfigurations = (
				CE2FAB47250F7F2700617621 /* Debug */,
				CE2FAB48250F7F2700617621 /* Release */,
			);
			defaultConfigurationIsVisible = 0;
			defaultConfigurationName = Release;
		};
		CE2FAB49250F7F2700617621 /* Build configuration list for PBXNativeTarget "SocialMediaTask" */ = {
			isa = XCConfigurationList;
			buildConfigurations = (
				CE2FAB4A250F7F2700617621 /* Debug */,
				CE2FAB4B250F7F2700617621 /* Release */,
			);
			defaultConfigurationIsVisible = 0;
			defaultConfigurationName = Release;
		};
		CE2FAB4C250F7F2700617621 /* Build configuration list for PBXNativeTarget "SocialMediaTaskTests" */ = {
			isa = XCConfigurationList;
			buildConfigurations = (
				CE2FAB4D250F7F2700617621 /* Debug */,
				CE2FAB4E250F7F2700617621 /* Release */,
			);
			defaultConfigurationIsVisible = 0;
			defaultConfigurationName = Release;
		};
/* End XCConfigurationList section */
	};
	rootObject = CE2FAB22250F7F2200617621 /* Project object */;
}
